
Microsoft Visual Studio Solution File, Format Version 12.00
# Visual Studio Version 17
VisualStudioVersion = 17.14.36202.13 d17.14
MinimumVisualStudioVersion = 10.0.40219.1
Project("{FAE04EC0-301F-11D3-BF4B-00C04F79EFBC}") = "FocusTime", "FocusTime.csproj", "{9EAA37D4-88AF-8184-D85C-FD5DC1EFD80E}"
EndProject
Global
	GlobalSection(SolutionConfigurationPlatforms) = preSolution
		Debug|Any CPU = Debug|Any CPU
		Release|Any CPU = Release|Any CPU
	EndGlobalSection
	GlobalSection(ProjectConfigurationPlatforms) = postSolution
		{9EAA37D4-88AF-8184-D85C-FD5DC1EFD80E}.Debug|Any CPU.ActiveCfg = Debug|Any CPU
		{9EAA37D4-88AF-8184-D85C-FD5DC1EFD80E}.Debug|Any CPU.Build.0 = Debug|Any CPU
		{9EAA37D4-88AF-8184-D85C-FD5DC1EFD80E}.Release|Any CPU.ActiveCfg = Release|Any CPU
		{9EAA37D4-88AF-8184-D85C-FD5DC1EFD80E}.Release|Any CPU.Build.0 = Release|Any CPU
	EndGlobalSection
	GlobalSection(SolutionProperties) = preSolution
		HideSolutionNode = FALSE
	EndGlobalSection
	GlobalSection(ExtensibilityGlobals) = postSolution
		SolutionGuid = {80ED59B1-A9FE-43A8-B08F-B83F84A72579}
	EndGlobalSection
EndGlobal
